
Microsoft Visual Studio Solution File, Format Version 12.00
# Visual Studio 15
VisualStudioVersion = 15.0.28307.421
MinimumVisualStudioVersion = 10.0.40219.1
Project("{FAE04EC0-301F-11D3-BF4B-00C04F79EFBC}") = "Producto_1", "Producto_1\Producto_1.csproj", "{C3538730-26E3-4C03-9C63-C557F0BC2092}"
EndProject
Project("{FAE04EC0-301F-11D3-BF4B-00C04F79EFBC}") = "Cliente", "Cliente\Cliente.csproj", "{CFE0156B-390D-4F0A-96EC-34CD736D7AB7}"
EndProject
Project("{FAE04EC0-301F-11D3-BF4B-00C04F79EFBC}") = "Venta", "Venta\Venta.csproj", "{450A1327-262F-4C06-A63C-1BA827770575}"
EndProject
Project("{FAE04EC0-301F-11D3-BF4B-00C04F79EFBC}") = "ProductoAPI", "ProductoAPI\ProductoAPI.csproj", "{BF24C856-D0B2-4EC0-81A5-A84915576A60}"
EndProject
Project("{FAE04EC0-301F-11D3-BF4B-00C04F79EFBC}") = "ClienteAPI", "ClienteAPI\ClienteAPI.csproj", "{D77B6EAB-1311-4992-97C7-F0E462C5626C}"
EndProject
Global
	GlobalSection(SolutionConfigurationPlatforms) = preSolution
		Debug|Any CPU = Debug|Any CPU
		Release|Any CPU = Release|Any CPU
	EndGlobalSection
	GlobalSection(ProjectConfigurationPlatforms) = postSolution
		{C3538730-26E3-4C03-9C63-C557F0BC2092}.Debug|Any CPU.ActiveCfg = Debug|Any CPU
		{C3538730-26E3-4C03-9C63-C557F0BC2092}.Debug|Any CPU.Build.0 = Debug|Any CPU
		{C3538730-26E3-4C03-9C63-C557F0BC2092}.Release|Any CPU.ActiveCfg = Release|Any CPU
		{C3538730-26E3-4C03-9C63-C557F0BC2092}.Release|Any CPU.Build.0 = Release|Any CPU
		{CFE0156B-390D-4F0A-96EC-34CD736D7AB7}.Debug|Any CPU.ActiveCfg = Debug|Any CPU
		{CFE0156B-390D-4F0A-96EC-34CD736D7AB7}.Debug|Any CPU.Build.0 = Debug|Any CPU
		{CFE0156B-390D-4F0A-96EC-34CD736D7AB7}.Release|Any CPU.ActiveCfg = Release|Any CPU
		{CFE0156B-390D-4F0A-96EC-34CD736D7AB7}.Release|Any CPU.Build.0 = Release|Any CPU
		{450A1327-262F-4C06-A63C-1BA827770575}.Debug|Any CPU.ActiveCfg = Debug|Any CPU
		{450A1327-262F-4C06-A63C-1BA827770575}.Debug|Any CPU.Build.0 = Debug|Any CPU
		{450A1327-262F-4C06-A63C-1BA827770575}.Release|Any CPU.ActiveCfg = Release|Any CPU
		{450A1327-262F-4C06-A63C-1BA827770575}.Release|Any CPU.Build.0 = Release|Any CPU
		{BF24C856-D0B2-4EC0-81A5-A84915576A60}.Debug|Any CPU.ActiveCfg = Debug|Any CPU
		{BF24C856-D0B2-4EC0-81A5-A84915576A60}.Debug|Any CPU.Build.0 = Debug|Any CPU
		{BF24C856-D0B2-4EC0-81A5-A84915576A60}.Release|Any CPU.ActiveCfg = Release|Any CPU
		{BF24C856-D0B2-4EC0-81A5-A84915576A60}.Release|Any CPU.Build.0 = Release|Any CPU
		{D77B6EAB-1311-4992-97C7-F0E462C5626C}.Debug|Any CPU.ActiveCfg = Debug|Any CPU
		{D77B6EAB-1311-4992-97C7-F0E462C5626C}.Debug|Any CPU.Build.0 = Debug|Any CPU
		{D77B6EAB-1311-4992-97C7-F0E462C5626C}.Release|Any CPU.ActiveCfg = Release|Any CPU
		{D77B6EAB-1311-4992-97C7-F0E462C5626C}.Release|Any CPU.Build.0 = Release|Any CPU
	EndGlobalSection
	GlobalSection(SolutionProperties) = preSolution
		HideSolutionNode = FALSE
	EndGlobalSection
	GlobalSection(ExtensibilityGlobals) = postSolution
		SolutionGuid = {D912413D-D72C-4E45-B1E4-9443D014D373}
	EndGlobalSection
EndGlobal
